
Microsoft Visual Studio Solution File, Format Version 12.00
# Visual Studio Version 16
VisualStudioVersion = 16.0.31205.134
MinimumVisualStudioVersion = 10.0.40219.1
Project("{9A19103F-16F7-4668-BE54-9A1E7A4F7556}") = "HobbistCommunicator", "HobbistCommunicator\HobbistCommunicator.csproj", "{DADFC05F-17F6-48F6-A28E-419F706D90E9}"
EndProject
Project("{9A19103F-16F7-4668-BE54-9A1E7A4F7556}") = "DAL", "HobbistCommunicator\HobbistDAL\DAL\DAL.csproj", "{A235933F-9132-4024-B4B5-0C43074ABDF4}"
EndProject
Project("{9A19103F-16F7-4668-BE54-9A1E7A4F7556}") = "Models", "HobbistCommunicator\HobbistDAL\Models\Models.csproj", "{4F3B5944-0C88-4955-9C7D-38422B7B3EE3}"
EndProject
Global
	GlobalSection(SolutionConfigurationPlatforms) = preSolution
		Debug|Any CPU = Debug|Any CPU
		Release|Any CPU = Release|Any CPU
	EndGlobalSection
	GlobalSection(ProjectConfigurationPlatforms) = postSolution
		{DADFC05F-17F6-48F6-A28E-419F706D90E9}.Debug|Any CPU.ActiveCfg = Debug|Any CPU
		{DADFC05F-17F6-48F6-A28E-419F706D90E9}.Debug|Any CPU.Build.0 = Debug|Any CPU
		{DADFC05F-17F6-48F6-A28E-419F706D90E9}.Release|Any CPU.ActiveCfg = Release|Any CPU
		{DADFC05F-17F6-48F6-A28E-419F706D90E9}.Release|Any CPU.Build.0 = Release|Any CPU
		{A235933F-9132-4024-B4B5-0C43074ABDF4}.Debug|Any CPU.ActiveCfg = Debug|Any CPU
		{A235933F-9132-4024-B4B5-0C43074ABDF4}.Debug|Any CPU.Build.0 = Debug|Any CPU
		{A235933F-9132-4024-B4B5-0C43074ABDF4}.Release|Any CPU.ActiveCfg = Release|Any CPU
		{A235933F-9132-4024-B4B5-0C43074ABDF4}.Release|Any CPU.Build.0 = Release|Any CPU
		{4F3B5944-0C88-4955-9C7D-38422B7B3EE3}.Debug|Any CPU.ActiveCfg = Debug|Any CPU
		{4F3B5944-0C88-4955-9C7D-38422B7B3EE3}.Debug|Any CPU.Build.0 = Debug|Any CPU
		{4F3B5944-0C88-4955-9C7D-38422B7B3EE3}.Release|Any CPU.ActiveCfg = Release|Any CPU
		{4F3B5944-0C88-4955-9C7D-38422B7B3EE3}.Release|Any CPU.Build.0 = Release|Any CPU
	EndGlobalSection
	GlobalSection(SolutionProperties) = preSolution
		HideSolutionNode = FALSE
	EndGlobalSection
	GlobalSection(ExtensibilityGlobals) = postSolution
		SolutionGuid = {D5721B81-291E-4E85-867A-AC388F13BB14}
	EndGlobalSection
EndGlobal
